
Microsoft Visual Studio Solution File, Format Version 12.00
Project("{FAE04EC0-301F-11D3-BF4B-00C04F79EFBC}") = "tictactoe", "tictactoe\tictactoe.csproj", "{DC885754-F890-45C6-86A4-B4F0CA24F0FB}"
EndProject
Global
	GlobalSection(SolutionConfigurationPlatforms) = preSolution
		Debug|Any CPU = Debug|Any CPU
		Release|Any CPU = Release|Any CPU
	EndGlobalSection
	GlobalSection(ProjectConfigurationPlatforms) = postSolution
		{DC885754-F890-45C6-86A4-B4F0CA24F0FB}.Debug|Any CPU.ActiveCfg = Debug|Any CPU
		{DC885754-F890-45C6-86A4-B4F0CA24F0FB}.Debug|Any CPU.Build.0 = Debug|Any CPU
		{DC885754-F890-45C6-86A4-B4F0CA24F0FB}.Release|Any CPU.ActiveCfg = Release|Any CPU
		{DC885754-F890-45C6-86A4-B4F0CA24F0FB}.Release|Any CPU.Build.0 = Release|Any CPU
	EndGlobalSection
EndGlobal
